
Microsoft Visual Studio Solution File, Format Version 12.00
Project("{FAE04EC0-301F-11D3-BF4B-00C04F79EFBC}") = "Fiap.QrFinder", "Fiap.QrFinder\Fiap.QrFinder.csproj", "{9689084B-8A1A-46C2-B33B-9CDF30BB5896}"
EndProject
Project("{2150E333-8FDC-42A3-9474-1A3956D46DE8}") = "Solution Items", "Solution Items", "{40675F27-047E-4026-A5F4-C3B9262D97E5}"
EndProject
Project("{2150E333-8FDC-42A3-9474-1A3956D46DE8}") = "src", "src", "{133DE9FC-A1CC-4088-80F9-658D09836CD2}"
EndProject
Project("{2150E333-8FDC-42A3-9474-1A3956D46DE8}") = "tests", "tests", "{E41ADC0F-FB02-4B06-BE95-5BFDAB9000B6}"
EndProject
Project("{FAE04EC0-301F-11D3-BF4B-00C04F79EFBC}") = "Application", "src\Application\Application\Application.csproj", "{22737281-AD08-47CD-9800-E99F2F80DBB9}"
EndProject
Project("{FAE04EC0-301F-11D3-BF4B-00C04F79EFBC}") = "Domain", "src\Domain\Domain.csproj", "{6433513F-6D57-42D9-AB98-CC6DDFECCEC3}"
EndProject
Project("{FAE04EC0-301F-11D3-BF4B-00C04F79EFBC}") = "Infrastructure", "src\Infrastructure\Infrastructure.csproj", "{AF1C4AA2-C9D0-4298-B184-E1539FCBAA6D}"
EndProject
Project("{FAE04EC0-301F-11D3-BF4B-00C04F79EFBC}") = "Contracts", "src\Contracts\Contracts.csproj", "{4D44B8DC-6F2A-41BD-A661-5E160E695260}"
EndProject
Project("{FAE04EC0-301F-11D3-BF4B-00C04F79EFBC}") = "UnitTests", "tests\UnitTests\UnitTests.csproj", "{769B0189-4F1E-4E54-AC88-95731A5D9F1A}"
EndProject
Project("{FAE04EC0-301F-11D3-BF4B-00C04F79EFBC}") = "WebApi", "src\WebApi\WebApi.csproj", "{F2055CB5-57A7-475D-8702-693F8A40063A}"
EndProject
Project("{FAE04EC0-301F-11D3-BF4B-00C04F79EFBC}") = "Worker", "src\Worker\Worker.csproj", "{D77AF776-471F-4641-9396-BBA8C7671803}"
EndProject
Global
	GlobalSection(SolutionConfigurationPlatforms) = preSolution
		Debug|Any CPU = Debug|Any CPU
		Release|Any CPU = Release|Any CPU
	EndGlobalSection
	GlobalSection(ProjectConfigurationPlatforms) = postSolution
		{9689084B-8A1A-46C2-B33B-9CDF30BB5896}.Debug|Any CPU.ActiveCfg = Debug|Any CPU
		{9689084B-8A1A-46C2-B33B-9CDF30BB5896}.Debug|Any CPU.Build.0 = Debug|Any CPU
		{9689084B-8A1A-46C2-B33B-9CDF30BB5896}.Release|Any CPU.ActiveCfg = Release|Any CPU
		{9689084B-8A1A-46C2-B33B-9CDF30BB5896}.Release|Any CPU.Build.0 = Release|Any CPU
		{22737281-AD08-47CD-9800-E99F2F80DBB9}.Debug|Any CPU.ActiveCfg = Debug|Any CPU
		{22737281-AD08-47CD-9800-E99F2F80DBB9}.Debug|Any CPU.Build.0 = Debug|Any CPU
		{22737281-AD08-47CD-9800-E99F2F80DBB9}.Release|Any CPU.ActiveCfg = Release|Any CPU
		{22737281-AD08-47CD-9800-E99F2F80DBB9}.Release|Any CPU.Build.0 = Release|Any CPU
		{6433513F-6D57-42D9-AB98-CC6DDFECCEC3}.Debug|Any CPU.ActiveCfg = Debug|Any CPU
		{6433513F-6D57-42D9-AB98-CC6DDFECCEC3}.Debug|Any CPU.Build.0 = Debug|Any CPU
		{6433513F-6D57-42D9-AB98-CC6DDFECCEC3}.Release|Any CPU.ActiveCfg = Release|Any CPU
		{6433513F-6D57-42D9-AB98-CC6DDFECCEC3}.Release|Any CPU.Build.0 = Release|Any CPU
		{AF1C4AA2-C9D0-4298-B184-E1539FCBAA6D}.Debug|Any CPU.ActiveCfg = Debug|Any CPU
		{AF1C4AA2-C9D0-4298-B184-E1539FCBAA6D}.Debug|Any CPU.Build.0 = Debug|Any CPU
		{AF1C4AA2-C9D0-4298-B184-E1539FCBAA6D}.Release|Any CPU.ActiveCfg = Release|Any CPU
		{AF1C4AA2-C9D0-4298-B184-E1539FCBAA6D}.Release|Any CPU.Build.0 = Release|Any CPU
		{4D44B8DC-6F2A-41BD-A661-5E160E695260}.Debug|Any CPU.ActiveCfg = Debug|Any CPU
		{4D44B8DC-6F2A-41BD-A661-5E160E695260}.Debug|Any CPU.Build.0 = Debug|Any CPU
		{4D44B8DC-6F2A-41BD-A661-5E160E695260}.Release|Any CPU.ActiveCfg = Release|Any CPU
		{4D44B8DC-6F2A-41BD-A661-5E160E695260}.Release|Any CPU.Build.0 = Release|Any CPU
		{769B0189-4F1E-4E54-AC88-95731A5D9F1A}.Debug|Any CPU.ActiveCfg = Debug|Any CPU
		{769B0189-4F1E-4E54-AC88-95731A5D9F1A}.Debug|Any CPU.Build.0 = Debug|Any CPU
		{769B0189-4F1E-4E54-AC88-95731A5D9F1A}.Release|Any CPU.ActiveCfg = Release|Any CPU
		{769B0189-4F1E-4E54-AC88-95731A5D9F1A}.Release|Any CPU.Build.0 = Release|Any CPU
		{F2055CB5-57A7-475D-8702-693F8A40063A}.Debug|Any CPU.ActiveCfg = Debug|Any CPU
		{F2055CB5-57A7-475D-8702-693F8A40063A}.Debug|Any CPU.Build.0 = Debug|Any CPU
		{F2055CB5-57A7-475D-8702-693F8A40063A}.Release|Any CPU.ActiveCfg = Release|Any CPU
		{F2055CB5-57A7-475D-8702-693F8A40063A}.Release|Any CPU.Build.0 = Release|Any CPU
		{D77AF776-471F-4641-9396-BBA8C7671803}.Debug|Any CPU.ActiveCfg = Debug|Any CPU
		{D77AF776-471F-4641-9396-BBA8C7671803}.Debug|Any CPU.Build.0 = Debug|Any CPU
		{D77AF776-471F-4641-9396-BBA8C7671803}.Release|Any CPU.ActiveCfg = Release|Any CPU
		{D77AF776-471F-4641-9396-BBA8C7671803}.Release|Any CPU.Build.0 = Release|Any CPU
	EndGlobalSection
	GlobalSection(NestedProjects) = preSolution
		{133DE9FC-A1CC-4088-80F9-658D09836CD2} = {40675F27-047E-4026-A5F4-C3B9262D97E5}
		{E41ADC0F-FB02-4B06-BE95-5BFDAB9000B6} = {40675F27-047E-4026-A5F4-C3B9262D97E5}
		{22737281-AD08-47CD-9800-E99F2F80DBB9} = {133DE9FC-A1CC-4088-80F9-658D09836CD2}
		{6433513F-6D57-42D9-AB98-CC6DDFECCEC3} = {133DE9FC-A1CC-4088-80F9-658D09836CD2}
		{AF1C4AA2-C9D0-4298-B184-E1539FCBAA6D} = {133DE9FC-A1CC-4088-80F9-658D09836CD2}
		{4D44B8DC-6F2A-41BD-A661-5E160E695260} = {133DE9FC-A1CC-4088-80F9-658D09836CD2}
		{769B0189-4F1E-4E54-AC88-95731A5D9F1A} = {E41ADC0F-FB02-4B06-BE95-5BFDAB9000B6}
		{F2055CB5-57A7-475D-8702-693F8A40063A} = {133DE9FC-A1CC-4088-80F9-658D09836CD2}
		{D77AF776-471F-4641-9396-BBA8C7671803} = {133DE9FC-A1CC-4088-80F9-658D09836CD2}
	EndGlobalSection
EndGlobal
