
Microsoft Visual Studio Solution File, Format Version 12.00
Project("{2150E333-8FDC-42A3-9474-1A3956D46DE8}") = "Solution Items", "Solution Items", "{40675F27-047E-4026-A5F4-C3B9262D97E5}"
EndProject
Project("{2150E333-8FDC-42A3-9474-1A3956D46DE8}") = "src", "src", "{133DE9FC-A1CC-4088-80F9-658D09836CD2}"
EndProject
Project("{2150E333-8FDC-42A3-9474-1A3956D46DE8}") = "tests", "tests", "{E41ADC0F-FB02-4B06-BE95-5BFDAB9000B6}"
EndProject
Project("{FAE04EC0-301F-11D3-BF4B-00C04F79EFBC}") = "Domain", "src\Domain\Domain.csproj", "{6433513F-6D57-42D9-AB98-CC6DDFECCEC3}"
EndProject
Project("{FAE04EC0-301F-11D3-BF4B-00C04F79EFBC}") = "Infrastructure", "src\Infrastructure\Infrastructure.csproj", "{AF1C4AA2-C9D0-4298-B184-E1539FCBAA6D}"
EndProject
Project("{FAE04EC0-301F-11D3-BF4B-00C04F79EFBC}") = "UnitTests", "tests\UnitTests\UnitTests.csproj", "{769B0189-4F1E-4E54-AC88-95731A5D9F1A}"
EndProject
Project("{FAE04EC0-301F-11D3-BF4B-00C04F79EFBC}") = "WebApi", "src\WebApi\WebApi.csproj", "{F2055CB5-57A7-475D-8702-693F8A40063A}"
EndProject
Project("{FAE04EC0-301F-11D3-BF4B-00C04F79EFBC}") = "ProcessWorker", "src\ProcessWorker\ProcessWorker.csproj", "{D77AF776-471F-4641-9396-BBA8C7671803}"
EndProject
Project("{FAE04EC0-301F-11D3-BF4B-00C04F79EFBC}") = "SignalRClient", "src\SignalRClient\SignalRClient.csproj", "{6C002076-33BE-437A-A5B2-66FA90239247}"
EndProject
Project("{FAE04EC0-301F-11D3-BF4B-00C04F79EFBC}") = "Application", "src\Application\Application.csproj", "{8080FCB8-CD96-4347-AD92-A19ADC8CD5B4}"
EndProject
Project("{FAE04EC0-301F-11D3-BF4B-00C04F79EFBC}") = "ResultsWorker", "src\ResultsWorker\ResultsWorker.csproj", "{36EB02B4-F4D7-4B1F-9778-F218E49E2160}"
EndProject
Project("{FAE04EC0-301F-11D3-BF4B-00C04F79EFBC}") = "NotificationService", "src\NotificationService\NotificationService.csproj", "{9BAEEA45-7C25-4B9D-82AD-605089FF2129}"
EndProject
Global
	GlobalSection(SolutionConfigurationPlatforms) = preSolution
		Debug|Any CPU = Debug|Any CPU
		Release|Any CPU = Release|Any CPU
	EndGlobalSection
	GlobalSection(ProjectConfigurationPlatforms) = postSolution
		{6433513F-6D57-42D9-AB98-CC6DDFECCEC3}.Debug|Any CPU.ActiveCfg = Debug|Any CPU
		{6433513F-6D57-42D9-AB98-CC6DDFECCEC3}.Debug|Any CPU.Build.0 = Debug|Any CPU
		{6433513F-6D57-42D9-AB98-CC6DDFECCEC3}.Release|Any CPU.ActiveCfg = Release|Any CPU
		{6433513F-6D57-42D9-AB98-CC6DDFECCEC3}.Release|Any CPU.Build.0 = Release|Any CPU
		{AF1C4AA2-C9D0-4298-B184-E1539FCBAA6D}.Debug|Any CPU.ActiveCfg = Debug|Any CPU
		{AF1C4AA2-C9D0-4298-B184-E1539FCBAA6D}.Debug|Any CPU.Build.0 = Debug|Any CPU
		{AF1C4AA2-C9D0-4298-B184-E1539FCBAA6D}.Release|Any CPU.ActiveCfg = Release|Any CPU
		{AF1C4AA2-C9D0-4298-B184-E1539FCBAA6D}.Release|Any CPU.Build.0 = Release|Any CPU
		{769B0189-4F1E-4E54-AC88-95731A5D9F1A}.Debug|Any CPU.ActiveCfg = Debug|Any CPU
		{769B0189-4F1E-4E54-AC88-95731A5D9F1A}.Debug|Any CPU.Build.0 = Debug|Any CPU
		{769B0189-4F1E-4E54-AC88-95731A5D9F1A}.Release|Any CPU.ActiveCfg = Release|Any CPU
		{769B0189-4F1E-4E54-AC88-95731A5D9F1A}.Release|Any CPU.Build.0 = Release|Any CPU
		{F2055CB5-57A7-475D-8702-693F8A40063A}.Debug|Any CPU.ActiveCfg = Debug|Any CPU
		{F2055CB5-57A7-475D-8702-693F8A40063A}.Debug|Any CPU.Build.0 = Debug|Any CPU
		{F2055CB5-57A7-475D-8702-693F8A40063A}.Release|Any CPU.ActiveCfg = Release|Any CPU
		{F2055CB5-57A7-475D-8702-693F8A40063A}.Release|Any CPU.Build.0 = Release|Any CPU
		{D77AF776-471F-4641-9396-BBA8C7671803}.Debug|Any CPU.ActiveCfg = Debug|Any CPU
		{D77AF776-471F-4641-9396-BBA8C7671803}.Debug|Any CPU.Build.0 = Debug|Any CPU
		{D77AF776-471F-4641-9396-BBA8C7671803}.Release|Any CPU.ActiveCfg = Release|Any CPU
		{D77AF776-471F-4641-9396-BBA8C7671803}.Release|Any CPU.Build.0 = Release|Any CPU
		{6C002076-33BE-437A-A5B2-66FA90239247}.Debug|Any CPU.ActiveCfg = Debug|Any CPU
		{6C002076-33BE-437A-A5B2-66FA90239247}.Debug|Any CPU.Build.0 = Debug|Any CPU
		{6C002076-33BE-437A-A5B2-66FA90239247}.Release|Any CPU.ActiveCfg = Release|Any CPU
		{6C002076-33BE-437A-A5B2-66FA90239247}.Release|Any CPU.Build.0 = Release|Any CPU
		{8080FCB8-CD96-4347-AD92-A19ADC8CD5B4}.Debug|Any CPU.ActiveCfg = Debug|Any CPU
		{8080FCB8-CD96-4347-AD92-A19ADC8CD5B4}.Debug|Any CPU.Build.0 = Debug|Any CPU
		{8080FCB8-CD96-4347-AD92-A19ADC8CD5B4}.Release|Any CPU.ActiveCfg = Release|Any CPU
		{8080FCB8-CD96-4347-AD92-A19ADC8CD5B4}.Release|Any CPU.Build.0 = Release|Any CPU
		{36EB02B4-F4D7-4B1F-9778-F218E49E2160}.Debug|Any CPU.ActiveCfg = Debug|Any CPU
		{36EB02B4-F4D7-4B1F-9778-F218E49E2160}.Debug|Any CPU.Build.0 = Debug|Any CPU
		{36EB02B4-F4D7-4B1F-9778-F218E49E2160}.Release|Any CPU.ActiveCfg = Release|Any CPU
		{36EB02B4-F4D7-4B1F-9778-F218E49E2160}.Release|Any CPU.Build.0 = Release|Any CPU
		{9BAEEA45-7C25-4B9D-82AD-605089FF2129}.Debug|Any CPU.ActiveCfg = Debug|Any CPU
		{9BAEEA45-7C25-4B9D-82AD-605089FF2129}.Debug|Any CPU.Build.0 = Debug|Any CPU
		{9BAEEA45-7C25-4B9D-82AD-605089FF2129}.Release|Any CPU.ActiveCfg = Release|Any CPU
		{9BAEEA45-7C25-4B9D-82AD-605089FF2129}.Release|Any CPU.Build.0 = Release|Any CPU
	EndGlobalSection
	GlobalSection(NestedProjects) = preSolution
		{133DE9FC-A1CC-4088-80F9-658D09836CD2} = {40675F27-047E-4026-A5F4-C3B9262D97E5}
		{E41ADC0F-FB02-4B06-BE95-5BFDAB9000B6} = {40675F27-047E-4026-A5F4-C3B9262D97E5}
		{6433513F-6D57-42D9-AB98-CC6DDFECCEC3} = {133DE9FC-A1CC-4088-80F9-658D09836CD2}
		{AF1C4AA2-C9D0-4298-B184-E1539FCBAA6D} = {133DE9FC-A1CC-4088-80F9-658D09836CD2}
		{769B0189-4F1E-4E54-AC88-95731A5D9F1A} = {E41ADC0F-FB02-4B06-BE95-5BFDAB9000B6}
		{F2055CB5-57A7-475D-8702-693F8A40063A} = {133DE9FC-A1CC-4088-80F9-658D09836CD2}
		{D77AF776-471F-4641-9396-BBA8C7671803} = {133DE9FC-A1CC-4088-80F9-658D09836CD2}
		{6C002076-33BE-437A-A5B2-66FA90239247} = {133DE9FC-A1CC-4088-80F9-658D09836CD2}
		{8080FCB8-CD96-4347-AD92-A19ADC8CD5B4} = {133DE9FC-A1CC-4088-80F9-658D09836CD2}
		{36EB02B4-F4D7-4B1F-9778-F218E49E2160} = {133DE9FC-A1CC-4088-80F9-658D09836CD2}
	EndGlobalSection
EndGlobal
